// !$*UTF8*$!
{
	archiveVersion = 1;
	classes = {
	};
	objectVersion = 56;
	objects = {

/* Begin PBXBuildFile section */
		09ECC8422BFC965F006A0B27 /* AppDelegate.swift in Sources */ = {isa = PBXBuildFile; fileRef = 09ECC8412BFC965F006A0B27 /* AppDelegate.swift */; };
		09ECC8442BFC965F006A0B27 /* SceneDelegate.swift in Sources */ = {isa = PBXBuildFile; fileRef = 09ECC8432BFC965F006A0B27 /* SceneDelegate.swift */; };
		09ECC8462BFC965F006A0B27 /* ViewController.swift in Sources */ = {isa = PBXBuildFile; fileRef = 09ECC8452BFC965F006A0B27 /* ViewController.swift */; };
		09ECC84B2BFC9660006A0B27 /* Assets.xcassets in Resources */ = {isa = PBXBuildFile; fileRef = 09ECC84A2BFC9660006A0B27 /* Assets.xcassets */; };
		09ECC84E2BFC9660006A0B27 /* LaunchScreen.storyboard in Resources */ = {isa = PBXBuildFile; fileRef = 09ECC84C2BFC9660006A0B27 /* LaunchScreen.storyboard */; };
		09ECC8592BFC97AE006A0B27 /* ViewBuilder.swift in Sources */ = {isa = PBXBuildFile; fileRef = 09ECC8582BFC97AE006A0B27 /* ViewBuilder.swift */; };
		09ECC85B2BFC97E7006A0B27 /* ViewManager.swift in Sources */ = {isa = PBXBuildFile; fileRef = 09ECC85A2BFC97E7006A0B27 /* ViewManager.swift */; };
		09ECC85D2BFC9A6D006A0B27 /* UIColor.extension.swift in Sources */ = {isa = PBXBuildFile; fileRef = 09ECC85C2BFC9A6D006A0B27 /* UIColor.extension.swift */; };
		09ECC85F2BFCB5FC006A0B27 /* ColorCell.swift in Sources */ = {isa = PBXBuildFile; fileRef = 09ECC85E2BFCB5FC006A0B27 /* ColorCell.swift */; };
		09ECC8612BFCB623006A0B27 /* IconCell.swift in Sources */ = {isa = PBXBuildFile; fileRef = 09ECC8602BFCB623006A0B27 /* IconCell.swift */; };
		09ECC8642BFCC8ED006A0B27 /* UILabel.extension.swift in Sources */ = {isa = PBXBuildFile; fileRef = 09ECC8632BFCC8ED006A0B27 /* UILabel.extension.swift */; };
/* End PBXBuildFile section */

/* Begin PBXFileReference section */
		09ECC83E2BFC965F006A0B27 /* bankApp.app */ = {isa = PBXFileReference; explicitFileType = wrapper.application; includeInIndex = 0; path = bankApp.app; sourceTree = BUILT_PRODUCTS_DIR; };
		09ECC8412BFC965F006A0B27 /* AppDelegate.swift */ = {isa = PBXFileReference; lastKnownFileType = sourcecode.swift; path = AppDelegate.swift; sourceTree = "<group>"; };
		09ECC8432BFC965F006A0B27 /* SceneDelegate.swift */ = {isa = PBXFileReference; lastKnownFileType = sourcecode.swift; path = SceneDelegate.swift; sourceTree = "<group>"; };
		09ECC8452BFC965F006A0B27 /* ViewController.swift */ = {isa = PBXFileReference; lastKnownFileType = sourcecode.swift; path = ViewController.swift; sourceTree = "<group>"; };
		09ECC84A2BFC9660006A0B27 /* Assets.xcassets */ = {isa = PBXFileReference; lastKnownFileType = folder.assetcatalog; path = Assets.xcassets; sourceTree = "<group>"; };
		09ECC84D2BFC9660006A0B27 /* Base */ = {isa = PBXFileReference; lastKnownFileType = file.storyboard; name = Base; path = Base.lproj/LaunchScreen.storyboard; sourceTree = "<group>"; };
		09ECC84F2BFC9660006A0B27 /* Info.plist */ = {isa = PBXFileReference; lastKnownFileType = text.plist.xml; path = Info.plist; sourceTree = "<group>"; };
		09ECC8582BFC97AE006A0B27 /* ViewBuilder.swift */ = {isa = PBXFileReference; lastKnownFileType = sourcecode.swift; path = ViewBuilder.swift; sourceTree = "<group>"; };
		09ECC85A2BFC97E7006A0B27 /* ViewManager.swift */ = {isa = PBXFileReference; lastKnownFileType = sourcecode.swift; path = ViewManager.swift; sourceTree = "<group>"; };
		09ECC85C2BFC9A6D006A0B27 /* UIColor.extension.swift */ = {isa = PBXFileReference; lastKnownFileType = sourcecode.swift; path = UIColor.extension.swift; sourceTree = "<group>"; };
		09ECC85E2BFCB5FC006A0B27 /* ColorCell.swift */ = {isa = PBXFileReference; lastKnownFileType = sourcecode.swift; path = ColorCell.swift; sourceTree = "<group>"; };
		09ECC8602BFCB623006A0B27 /* IconCell.swift */ = {isa = PBXFileReference; lastKnownFileType = sourcecode.swift; path = IconCell.swift; sourceTree = "<group>"; };
		09ECC8632BFCC8ED006A0B27 /* UILabel.extension.swift */ = {isa = PBXFileReference; lastKnownFileType = sourcecode.swift; path = UILabel.extension.swift; sourceTree = "<group>"; };
/* End PBXFileReference section */

/* Begin PBXFrameworksBuildPhase section */
		09ECC83B2BFC965F006A0B27 /* Frameworks */ = {
			isa = PBXFrameworksBuildPhase;
			buildActionMask = 2147483647;
			files = (
			);
			runOnlyForDeploymentPostprocessing = 0;
		};
/* End PBXFrameworksBuildPhase section */

/* Begin PBXGroup section */
		09ECC8352BFC965F006A0B27 = {
			isa = PBXGroup;
			children = (
				09ECC8402BFC965F006A0B27 /* bankApp */,
				09ECC83F2BFC965F006A0B27 /* Products */,
			);
			sourceTree = "<group>";
		};
		09ECC83F2BFC965F006A0B27 /* Products */ = {
			isa = PBXGroup;
			children = (
				09ECC83E2BFC965F006A0B27 /* bankApp.app */,
			);
			name = Products;
			sourceTree = "<group>";
		};
		09ECC8402BFC965F006A0B27 /* bankApp */ = {
			isa = PBXGroup;
			children = (
				09ECC8562BFC96F3006A0B27 /* View */,
				09ECC8552BFC96E9006A0B27 /* Extension */,
				09ECC8412BFC965F006A0B27 /* AppDelegate.swift */,
				09ECC8432BFC965F006A0B27 /* SceneDelegate.swift */,
				09ECC8452BFC965F006A0B27 /* ViewController.swift */,
				09ECC84A2BFC9660006A0B27 /* Assets.xcassets */,
				09ECC84C2BFC9660006A0B27 /* LaunchScreen.storyboard */,
				09ECC84F2BFC9660006A0B27 /* Info.plist */,
			);
			path = bankApp;
			sourceTree = "<group>";
		};
		09ECC8552BFC96E9006A0B27 /* Extension */ = {
			isa = PBXGroup;
			children = (
				09ECC85C2BFC9A6D006A0B27 /* UIColor.extension.swift */,
				09ECC8632BFCC8ED006A0B27 /* UILabel.extension.swift */,
			);
			path = Extension;
			sourceTree = "<group>";
		};
		09ECC8562BFC96F3006A0B27 /* View */ = {
			isa = PBXGroup;
			children = (
				09ECC8582BFC97AE006A0B27 /* ViewBuilder.swift */,
				09ECC85A2BFC97E7006A0B27 /* ViewManager.swift */,
				09ECC8572BFC9720006A0B27 /* Cell */,
			);
			path = View;
			sourceTree = "<group>";
		};
		09ECC8572BFC9720006A0B27 /* Cell */ = {
			isa = PBXGroup;
			children = (
				09ECC85E2BFCB5FC006A0B27 /* ColorCell.swift */,
				09ECC8602BFCB623006A0B27 /* IconCell.swift */,
			);
			path = Cell;
			sourceTree = "<group>";
		};
/* End PBXGroup section */

/* Begin PBXNativeTarget section */
		09ECC83D2BFC965F006A0B27 /* bankApp */ = {
			isa = PBXNativeTarget;
			buildConfigurationList = 09ECC8522BFC9660006A0B27 /* Build configuration list for PBXNativeTarget "bankApp" */;
			buildPhases = (
				09ECC83A2BFC965F006A0B27 /* Sources */,
				09ECC83B2BFC965F006A0B27 /* Frameworks */,
				09ECC83C2BFC965F006A0B27 /* Resources */,
			);
			buildRules = (
			);
			dependencies = (
			);
			name = bankApp;
			productName = bankApp;
			productReference = 09ECC83E2BFC965F006A0B27 /* bankApp.app */;
			productType = "com.apple.product-type.application";
		};
/* End PBXNativeTarget section */

/* Begin PBXProject section */
		09ECC8362BFC965F006A0B27 /* Project object */ = {
			isa = PBXProject;
			attributes = {
				BuildIndependentTargetsInParallel = 1;
				LastSwiftUpdateCheck = 1520;
				LastUpgradeCheck = 1520;
				TargetAttributes = {
					09ECC83D2BFC965F006A0B27 = {
						CreatedOnToolsVersion = 15.2;
					};
				};
			};
			buildConfigurationList = 09ECC8392BFC965F006A0B27 /* Build configuration list for PBXProject "bankApp" */;
			compatibilityVersion = "Xcode 14.0";
			developmentRegion = en;
			hasScannedForEncodings = 0;
			knownRegions = (
				en,
				Base,
			);
			mainGroup = 09ECC8352BFC965F006A0B27;
			productRefGroup = 09ECC83F2BFC965F006A0B27 /* Products */;
			projectDirPath = "";
			projectRoot = "";
			targets = (
				09ECC83D2BFC965F006A0B27 /* bankApp */,
			);
		};
/* End PBXProject section */

/* Begin PBXResourcesBuildPhase section */
		09ECC83C2BFC965F006A0B27 /* Resources */ = {
			isa = PBXResourcesBuildPhase;
			buildActionMask = 2147483647;
			files = (
				09ECC84E2BFC9660006A0B27 /* LaunchScreen.storyboard in Resources */,
				09ECC84B2BFC9660006A0B27 /* Assets.xcassets in Resources */,
			);
			runOnlyForDeploymentPostprocessing = 0;
		};
/* End PBXResourcesBuildPhase section */

/* Begin PBXSourcesBuildPhase section */
		09ECC83A2BFC965F006A0B27 /* Sources */ = {
			isa = PBXSourcesBuildPhase;
			buildActionMask = 2147483647;
			files = (
				09ECC8462BFC965F006A0B27 /* ViewController.swift in Sources */,
				09ECC8422BFC965F006A0B27 /* AppDelegate.swift in Sources */,
				09ECC8612BFCB623006A0B27 /* IconCell.swift in Sources */,
				09ECC85F2BFCB5FC006A0B27 /* ColorCell.swift in Sources */,
				09ECC85D2BFC9A6D006A0B27 /* UIColor.extension.swift in Sources */,
				09ECC8642BFCC8ED006A0B27 /* UILabel.extension.swift in Sources */,
				09ECC85B2BFC97E7006A0B27 /* ViewManager.swift in Sources */,
				09ECC8592BFC97AE006A0B27 /* ViewBuilder.swift in Sources */,
				09ECC8442BFC965F006A0B27 /* SceneDelegate.swift in Sources */,
			);
			runOnlyForDeploymentPostprocessing = 0;
		};
/* End PBXSourcesBuildPhase section */

/* Begin PBXVariantGroup section */
		09ECC84C2BFC9660006A0B27 /* LaunchScreen.storyboard */ = {
			isa = PBXVariantGroup;
			children = (
				09ECC84D2BFC9660006A0B27 /* Base */,
			);
			name = LaunchScreen.storyboard;
			sourceTree = "<group>";
		};
/* End PBXVariantGroup section */

/* Begin XCBuildConfiguration section */
		09ECC8502BFC9660006A0B27 /* Debug */ = {
			isa = XCBuildConfiguration;
			buildSettings = {
				ALWAYS_SEARCH_USER_PATHS = NO;
				ASSETCATALOG_COMPILER_GENERATE_SWIFT_ASSET_SYMBOL_EXTENSIONS = YES;
				CLANG_ANALYZER_NONNULL = YES;
				CLANG_ANALYZER_NUMBER_OBJECT_CONVERSION = YES_AGGRESSIVE;
				CLANG_CXX_LANGUAGE_STANDARD = "gnu++20";
				CLANG_ENABLE_MODULES = YES;
				CLANG_ENABLE_OBJC_ARC = YES;
				CLANG_ENABLE_OBJC_WEAK = YES;
				CLANG_WARN_BLOCK_CAPTURE_AUTORELEASING = YES;
				CLANG_WARN_BOOL_CONVERSION = YES;
				CLANG_WARN_COMMA = YES;
				CLANG_WARN_CONSTANT_CONVERSION = YES;
				CLANG_WARN_DEPRECATED_OBJC_IMPLEMENTATIONS = YES;
				CLANG_WARN_DIRECT_OBJC_ISA_USAGE = YES_ERROR;
				CLANG_WARN_DOCUMENTATION_COMMENTS = YES;
				CLANG_WARN_EMPTY_BODY = YES;
				CLANG_WARN_ENUM_CONVERSION = YES;
				CLANG_WARN_INFINITE_RECURSION = YES;
				CLANG_WARN_INT_CONVERSION = YES;
				CLANG_WARN_NON_LITERAL_NULL_CONVERSION = YES;
				CLANG_WARN_OBJC_IMPLICIT_RETAIN_SELF = YES;
				CLANG_WARN_OBJC_LITERAL_CONVERSION = YES;
				CLANG_WARN_OBJC_ROOT_CLASS = YES_ERROR;
				CLANG_WARN_QUOTED_INCLUDE_IN_FRAMEWORK_HEADER = YES;
				CLANG_WARN_RANGE_LOOP_ANALYSIS = YES;
				CLANG_WARN_STRICT_PROTOTYPES = YES;
				CLANG_WARN_SUSPICIOUS_MOVE = YES;
				CLANG_WARN_UNGUARDED_AVAILABILITY = YES_AGGRESSIVE;
				CLANG_WARN_UNREACHABLE_CODE = YES;
				CLANG_WARN__DUPLICATE_METHOD_MATCH = YES;
				COPY_PHASE_STRIP = NO;
				DEBUG_INFORMATION_FORMAT = dwarf;
				ENABLE_STRICT_OBJC_MSGSEND = YES;
				ENABLE_TESTABILITY = YES;
				ENABLE_USER_SCRIPT_SANDBOXING = YES;
				GCC_C_LANGUAGE_STANDARD = gnu17;
				GCC_DYNAMIC_NO_PIC = NO;
				GCC_NO_COMMON_BLOCKS = YES;
				GCC_OPTIMIZATION_LEVEL = 0;
				GCC_PREPROCESSOR_DEFINITIONS = (
					"DEBUG=1",
					"$(inherited)",
				);
				GCC_WARN_64_TO_32_BIT_CONVERSION = YES;
				GCC_WARN_ABOUT_RETURN_TYPE = YES_ERROR;
				GCC_WARN_UNDECLARED_SELECTOR = YES;
				GCC_WARN_UNINITIALIZED_AUTOS = YES_AGGRESSIVE;
				GCC_WARN_UNUSED_FUNCTION = YES;
				GCC_WARN_UNUSED_VARIABLE = YES;
				IPHONEOS_DEPLOYMENT_TARGET = 17.2;
				LOCALIZATION_PREFERS_STRING_CATALOGS = YES;
				MTL_ENABLE_DEBUG_INFO = INCLUDE_SOURCE;
				MTL_FAST_MATH = YES;
				ONLY_ACTIVE_ARCH = YES;
				SDKROOT = iphoneos;
				SWIFT_ACTIVE_COMPILATION_CONDITIONS = "DEBUG $(inherited)";
				SWIFT_OPTIMIZATION_LEVEL = "-Onone";
			};
			name = Debug;
		};
		09ECC8512BFC9660006A0B27 /* Release */ = {
			isa = XCBuildConfiguration;
			buildSettings = {
				ALWAYS_SEARCH_USER_PATHS = NO;
				ASSETCATALOG_COMPILER_GENERATE_SWIFT_ASSET_SYMBOL_EXTENSIONS = YES;
				CLANG_ANALYZER_NONNULL = YES;
				CLANG_ANALYZER_NUMBER_OBJECT_CONVERSION = YES_AGGRESSIVE;
				CLANG_CXX_LANGUAGE_STANDARD = "gnu++20";
				CLANG_ENABLE_MODULES = YES;
				CLANG_ENABLE_OBJC_ARC = YES;
				CLANG_ENABLE_OBJC_WEAK = YES;
				CLANG_WARN_BLOCK_CAPTURE_AUTORELEASING = YES;
				CLANG_WARN_BOOL_CONVERSION = YES;
				CLANG_WARN_COMMA = YES;
				CLANG_WARN_CONSTANT_CONVERSION = YES;
				CLANG_WARN_DEPRECATED_OBJC_IMPLEMENTATIONS = YES;
				CLANG_WARN_DIRECT_OBJC_ISA_USAGE = YES_ERROR;
				CLANG_WARN_DOCUMENTATION_COMMENTS = YES;
				CLANG_WARN_EMPTY_BODY = YES;
				CLANG_WARN_ENUM_CONVERSION = YES;
				CLANG_WARN_INFINITE_RECURSION = YES;
				CLANG_WARN_INT_CONVERSION = YES;
				CLANG_WARN_NON_LITERAL_NULL_CONVERSION = YES;
				CLANG_WARN_OBJC_IMPLICIT_RETAIN_SELF = YES;
				CLANG_WARN_OBJC_LITERAL_CONVERSION = YES;
				CLANG_WARN_OBJC_ROOT_CLASS = YES_ERROR;
				CLANG_WARN_QUOTED_INCLUDE_IN_FRAMEWORK_HEADER = YES;
				CLANG_WARN_RANGE_LOOP_ANALYSIS = YES;
				CLANG_WARN_STRICT_PROTOTYPES = YES;
				CLANG_WARN_SUSPICIOUS_MOVE = YES;
				CLANG_WARN_UNGUARDED_AVAILABILITY = YES_AGGRESSIVE;
				CLANG_WARN_UNREACHABLE_CODE = YES;
				CLANG_WARN__DUPLICATE_METHOD_MATCH = YES;
				COPY_PHASE_STRIP = NO;
				DEBUG_INFORMATION_FORMAT = "dwarf-with-dsym";
				ENABLE_NS_ASSERTIONS = NO;
				ENABLE_STRICT_OBJC_MSGSEND = YES;
				ENABLE_USER_SCRIPT_SANDBOXING = YES;
				GCC_C_LANGUAGE_STANDARD = gnu17;
				GCC_NO_COMMON_BLOCKS = YES;
				GCC_WARN_64_TO_32_BIT_CONVERSION = YES;
				GCC_WARN_ABOUT_RETURN_TYPE = YES_ERROR;
				GCC_WARN_UNDECLARED_SELECTOR = YES;
				GCC_WARN_UNINITIALIZED_AUTOS = YES_AGGRESSIVE;
				GCC_WARN_UNUSED_FUNCTION = YES;
				GCC_WARN_UNUSED_VARIABLE = YES;
				IPHONEOS_DEPLOYMENT_TARGET = 17.2;
				LOCALIZATION_PREFERS_STRING_CATALOGS = YES;
				MTL_ENABLE_DEBUG_INFO = NO;
				MTL_FAST_MATH = YES;
				SDKROOT = iphoneos;
				SWIFT_COMPILATION_MODE = wholemodule;
				VALIDATE_PRODUCT = YES;
			};
			name = Release;
		};
		09ECC8532BFC9660006A0B27 /* Debug */ = {
			isa = XCBuildConfiguration;
			buildSettings = {
				ASSETCATALOG_COMPILER_APPICON_NAME = AppIcon;
				ASSETCATALOG_COMPILER_GLOBAL_ACCENT_COLOR_NAME = AccentColor;
				CODE_SIGN_STYLE = Automatic;
				CURRENT_PROJECT_VERSION = 1;
				DEVELOPMENT_TEAM = 2V46R9HSAP;
				GENERATE_INFOPLIST_FILE = YES;
				INFOPLIST_FILE = bankApp/Info.plist;
				INFOPLIST_KEY_UIApplicationSupportsIndirectInputEvents = YES;
				INFOPLIST_KEY_UILaunchStoryboardName = LaunchScreen;
				INFOPLIST_KEY_UISupportedInterfaceOrientations_iPad = "UIInterfaceOrientationPortrait UIInterfaceOrientationPortraitUpsideDown UIInterfaceOrientationLandscapeLeft UIInterfaceOrientationLandscapeRight";
				INFOPLIST_KEY_UISupportedInterfaceOrientations_iPhone = "UIInterfaceOrientationPortrait UIInterfaceOrientationLandscapeLeft UIInterfaceOrientationLandscapeRight";
				IPHONEOS_DEPLOYMENT_TARGET = 17.0;
				LD_RUNPATH_SEARCH_PATHS = (
					"$(inherited)",
					"@executable_path/Frameworks",
				);
				MARKETING_VERSION = 1.0;
				PRODUCT_BUNDLE_IDENTIFIER = com.aamaev.bankApp;
				PRODUCT_NAME = "$(TARGET_NAME)";
				SWIFT_EMIT_LOC_STRINGS = YES;
				SWIFT_VERSION = 5.0;
				TARGETED_DEVICE_FAMILY = "1,2";
			};
			name = Debug;
		};
		09ECC8542BFC9660006A0B27 /* Release */ = {
			isa = XCBuildConfiguration;
			buildSettings = {
				ASSETCATALOG_COMPILER_APPICON_NAME = AppIcon;
				ASSETCATALOG_COMPILER_GLOBAL_ACCENT_COLOR_NAME = AccentColor;
				CODE_SIGN_STYLE = Automatic;
				CURRENT_PROJECT_VERSION = 1;
				DEVELOPMENT_TEAM = 2V46R9HSAP;
				GENERATE_INFOPLIST_FILE = YES;
				INFOPLIST_FILE = bankApp/Info.plist;
				INFOPLIST_KEY_UIApplicationSupportsIndirectInputEvents = YES;
				INFOPLIST_KEY_UILaunchStoryboardName = LaunchScreen;
				INFOPLIST_KEY_UISupportedInterfaceOrientations_iPad = "UIInterfaceOrientationPortrait UIInterfaceOrientationPortraitUpsideDown UIInterfaceOrientationLandscapeLeft UIInterfaceOrientationLandscapeRight";
				INFOPLIST_KEY_UISupportedInterfaceOrientations_iPhone = "UIInterfaceOrientationPortrait UIInterfaceOrientationLandscapeLeft UIInterfaceOrientationLandscapeRight";
				IPHONEOS_DEPLOYMENT_TARGET = 17.0;
				LD_RUNPATH_SEARCH_PATHS = (
					"$(inherited)",
					"@executable_path/Frameworks",
				);
				MARKETING_VERSION = 1.0;
				PRODUCT_BUNDLE_IDENTIFIER = com.aamaev.bankApp;
				PRODUCT_NAME = "$(TARGET_NAME)";
				SWIFT_EMIT_LOC_STRINGS = YES;
				SWIFT_VERSION = 5.0;
				TARGETED_DEVICE_FAMILY = "1,2";
			};
			name = Release;
		};
/* End XCBuildConfiguration section */

/* Begin XCConfigurationList section */
		09ECC8392BFC965F006A0B27 /* Build configuration list for PBXProject "bankApp" */ = {
			isa = XCConfigurationList;
			buildConfigurations = (
				09ECC8502BFC9660006A0B27 /* Debug */,
				09ECC8512BFC9660006A0B27 /* Release */,
			);
			defaultConfigurationIsVisible = 0;
			defaultConfigurationName = Release;
		};
		09ECC8522BFC9660006A0B27 /* Build configuration list for PBXNativeTarget "bankApp" */ = {
			isa = XCConfigurationList;
			buildConfigurations = (
				09ECC8532BFC9660006A0B27 /* Debug */,
				09ECC8542BFC9660006A0B27 /* Release */,
			);
			defaultConfigurationIsVisible = 0;
			defaultConfigurationName = Release;
		};
/* End XCConfigurationList section */
	};
	rootObject = 09ECC8362BFC965F006A0B27 /* Project object */;
}
